// !$*UTF8*$!
{
	archiveVersion = 1;
	classes = {
	};
	objectVersion = 56;
	objects = {

/* Begin PBXBuildFile section */
		E04343002BB9A7A4000D7D44 /* AppDelegate.swift in Sources */ = {isa = PBXBuildFile; fileRef = E04342FF2BB9A7A4000D7D44 /* AppDelegate.swift */; };
		E04343022BB9A7A4000D7D44 /* SceneDelegate.swift in Sources */ = {isa = PBXBuildFile; fileRef = E04343012BB9A7A4000D7D44 /* SceneDelegate.swift */; };
		E04343042BB9A7A4000D7D44 /* ViewController.swift in Sources */ = {isa = PBXBuildFile; fileRef = E04343032BB9A7A4000D7D44 /* ViewController.swift */; };
		E04343072BB9A7A4000D7D44 /* Base in Resources */ = {isa = PBXBuildFile; fileRef = E04343062BB9A7A4000D7D44 /* Base */; };
		E04343092BB9A7A5000D7D44 /* Assets.xcassets in Resources */ = {isa = PBXBuildFile; fileRef = E04343082BB9A7A5000D7D44 /* Assets.xcassets */; };
		E043430C2BB9A7A5000D7D44 /* Base in Resources */ = {isa = PBXBuildFile; fileRef = E043430B2BB9A7A5000D7D44 /* Base */; };
		E04343172BB9A7A5000D7D44 /* testGitTests.swift in Sources */ = {isa = PBXBuildFile; fileRef = E04343162BB9A7A5000D7D44 /* testGitTests.swift */; };
		E04343212BB9A7A5000D7D44 /* testGitUITests.swift in Sources */ = {isa = PBXBuildFile; fileRef = E04343202BB9A7A5000D7D44 /* testGitUITests.swift */; };
		E04343232BB9A7A5000D7D44 /* testGitUITestsLaunchTests.swift in Sources */ = {isa = PBXBuildFile; fileRef = E04343222BB9A7A5000D7D44 /* testGitUITestsLaunchTests.swift */; };
/* End PBXBuildFile section */

/* Begin PBXContainerItemProxy section */
		E04343132BB9A7A5000D7D44 /* PBXContainerItemProxy */ = {
			isa = PBXContainerItemProxy;
			containerPortal = E04342F42BB9A7A4000D7D44 /* Project object */;
			proxyType = 1;
			remoteGlobalIDString = E04342FB2BB9A7A4000D7D44;
			remoteInfo = testGit;
		};
		E043431D2BB9A7A5000D7D44 /* PBXContainerItemProxy */ = {
			isa = PBXContainerItemProxy;
			containerPortal = E04342F42BB9A7A4000D7D44 /* Project object */;
			proxyType = 1;
			remoteGlobalIDString = E04342FB2BB9A7A4000D7D44;
			remoteInfo = testGit;
		};
/* End PBXContainerItemProxy section */

/* Begin PBXFileReference section */
		E04342FC2BB9A7A4000D7D44 /* testGit.app */ = {isa = PBXFileReference; explicitFileType = wrapper.application; includeInIndex = 0; path = testGit.app; sourceTree = BUILT_PRODUCTS_DIR; };
		E04342FF2BB9A7A4000D7D44 /* AppDelegate.swift */ = {isa = PBXFileReference; lastKnownFileType = sourcecode.swift; path = AppDelegate.swift; sourceTree = "<group>"; };
		E04343012BB9A7A4000D7D44 /* SceneDelegate.swift */ = {isa = PBXFileReference; lastKnownFileType = sourcecode.swift; path = SceneDelegate.swift; sourceTree = "<group>"; };
		E04343032BB9A7A4000D7D44 /* ViewController.swift */ = {isa = PBXFileReference; lastKnownFileType = sourcecode.swift; path = ViewController.swift; sourceTree = "<group>"; };
		E04343062BB9A7A4000D7D44 /* Base */ = {isa = PBXFileReference; lastKnownFileType = file.storyboard; name = Base; path = Base.lproj/Main.storyboard; sourceTree = "<group>"; };
		E04343082BB9A7A5000D7D44 /* Assets.xcassets */ = {isa = PBXFileReference; lastKnownFileType = folder.assetcatalog; path = Assets.xcassets; sourceTree = "<group>"; };
		E043430B2BB9A7A5000D7D44 /* Base */ = {isa = PBXFileReference; lastKnownFileType = file.storyboard; name = Base; path = Base.lproj/LaunchScreen.storyboard; sourceTree = "<group>"; };
		E043430D2BB9A7A5000D7D44 /* Info.plist */ = {isa = PBXFileReference; lastKnownFileType = text.plist.xml; path = Info.plist; sourceTree = "<group>"; };
		E04343122BB9A7A5000D7D44 /* testGitTests.xctest */ = {isa = PBXFileReference; explicitFileType = wrapper.cfbundle; includeInIndex = 0; path = testGitTests.xctest; sourceTree = BUILT_PRODUCTS_DIR; };
		E04343162BB9A7A5000D7D44 /* testGitTests.swift */ = {isa = PBXFileReference; lastKnownFileType = sourcecode.swift; path = testGitTests.swift; sourceTree = "<group>"; };
		E043431C2BB9A7A5000D7D44 /* testGitUITests.xctest */ = {isa = PBXFileReference; explicitFileType = wrapper.cfbundle; includeInIndex = 0; path = testGitUITests.xctest; sourceTree = BUILT_PRODUCTS_DIR; };
		E04343202BB9A7A5000D7D44 /* testGitUITests.swift */ = {isa = PBXFileReference; lastKnownFileType = sourcecode.swift; path = testGitUITests.swift; sourceTree = "<group>"; };
		E04343222BB9A7A5000D7D44 /* testGitUITestsLaunchTests.swift */ = {isa = PBXFileReference; lastKnownFileType = sourcecode.swift; path = testGitUITestsLaunchTests.swift; sourceTree = "<group>"; };
/* End PBXFileReference section */

/* Begin PBXFrameworksBuildPhase section */
		E04342F92BB9A7A4000D7D44 /* Frameworks */ = {
			isa = PBXFrameworksBuildPhase;
			buildActionMask = 2147483647;
			files = (
			);
			runOnlyForDeploymentPostprocessing = 0;
		};
		E043430F2BB9A7A5000D7D44 /* Frameworks */ = {
			isa = PBXFrameworksBuildPhase;
			buildActionMask = 2147483647;
			files = (
			);
			runOnlyForDeploymentPostprocessing = 0;
		};
		E04343192BB9A7A5000D7D44 /* Frameworks */ = {
			isa = PBXFrameworksBuildPhase;
			buildActionMask = 2147483647;
			files = (
			);
			runOnlyForDeploymentPostprocessing = 0;
		};
/* End PBXFrameworksBuildPhase section */

/* Begin PBXGroup section */
		E04342F32BB9A7A4000D7D44 = {
			isa = PBXGroup;
			children = (
				E04342FE2BB9A7A4000D7D44 /* testGit */,
				E04343152BB9A7A5000D7D44 /* testGitTests */,
				E043431F2BB9A7A5000D7D44 /* testGitUITests */,
				E04342FD2BB9A7A4000D7D44 /* Products */,
			);
			sourceTree = "<group>";
		};
		E04342FD2BB9A7A4000D7D44 /* Products */ = {
			isa = PBXGroup;
			children = (
				E04342FC2BB9A7A4000D7D44 /* testGit.app */,
				E04343122BB9A7A5000D7D44 /* testGitTests.xctest */,
				E043431C2BB9A7A5000D7D44 /* testGitUITests.xctest */,
			);
			name = Products;
			sourceTree = "<group>";
		};
		E04342FE2BB9A7A4000D7D44 /* testGit */ = {
			isa = PBXGroup;
			children = (
				E04342FF2BB9A7A4000D7D44 /* AppDelegate.swift */,
				E04343012BB9A7A4000D7D44 /* SceneDelegate.swift */,
				E04343032BB9A7A4000D7D44 /* ViewController.swift */,
				E04343052BB9A7A4000D7D44 /* Main.storyboard */,
				E04343082BB9A7A5000D7D44 /* Assets.xcassets */,
				E043430A2BB9A7A5000D7D44 /* LaunchScreen.storyboard */,
				E043430D2BB9A7A5000D7D44 /* Info.plist */,
			);
			path = testGit;
			sourceTree = "<group>";
		};
		E04343152BB9A7A5000D7D44 /* testGitTests */ = {
			isa = PBXGroup;
			children = (
				E04343162BB9A7A5000D7D44 /* testGitTests.swift */,
			);
			path = testGitTests;
			sourceTree = "<group>";
		};
		E043431F2BB9A7A5000D7D44 /* testGitUITests */ = {
			isa = PBXGroup;
			children = (
				E04343202BB9A7A5000D7D44 /* testGitUITests.swift */,
				E04343222BB9A7A5000D7D44 /* testGitUITestsLaunchTests.swift */,
			);
			path = testGitUITests;
			sourceTree = "<group>";
		};
/* End PBXGroup section */

/* Begin PBXNativeTarget section */
		E04342FB2BB9A7A4000D7D44 /* testGit */ = {
			isa = PBXNativeTarget;
			buildConfigurationList = E04343262BB9A7A5000D7D44 /* Build configuration list for PBXNativeTarget "testGit" */;
			buildPhases = (
				E04342F82BB9A7A4000D7D44 /* Sources */,
				E04342F92BB9A7A4000D7D44 /* Frameworks */,
				E04342FA2BB9A7A4000D7D44 /* Resources */,
			);
			buildRules = (
			);
			dependencies = (
			);
			name = testGit;
			productName = testGit;
			productReference = E04342FC2BB9A7A4000D7D44 /* testGit.app */;
			productType = "com.apple.product-type.application";
		};
		E04343112BB9A7A5000D7D44 /* testGitTests */ = {
			isa = PBXNativeTarget;
			buildConfigurationList = E04343292BB9A7A5000D7D44 /* Build configuration list for PBXNativeTarget "testGitTests" */;
			buildPhases = (
				E043430E2BB9A7A5000D7D44 /* Sources */,
				E043430F2BB9A7A5000D7D44 /* Frameworks */,
				E04343102BB9A7A5000D7D44 /* Resources */,
			);
			buildRules = (
			);
			dependencies = (
				E04343142BB9A7A5000D7D44 /* PBXTargetDependency */,
			);
			name = testGitTests;
			productName = testGitTests;
			productReference = E04343122BB9A7A5000D7D44 /* testGitTests.xctest */;
			productType = "com.apple.product-type.bundle.unit-test";
		};
		E043431B2BB9A7A5000D7D44 /* testGitUITests */ = {
			isa = PBXNativeTarget;
			buildConfigurationList = E043432C2BB9A7A5000D7D44 /* Build configuration list for PBXNativeTarget "testGitUITests" */;
			buildPhases = (
				E04343182BB9A7A5000D7D44 /* Sources */,
				E04343192BB9A7A5000D7D44 /* Frameworks */,
				E043431A2BB9A7A5000D7D44 /* Resources */,
			);
			buildRules = (
			);
			dependencies = (
				E043431E2BB9A7A5000D7D44 /* PBXTargetDependency */,
			);
			name = testGitUITests;
			productName = testGitUITests;
			productReference = E043431C2BB9A7A5000D7D44 /* testGitUITests.xctest */;
			productType = "com.apple.product-type.bundle.ui-testing";
		};
/* End PBXNativeTarget section */

/* Begin PBXProject section */
		E04342F42BB9A7A4000D7D44 /* Project object */ = {
			isa = PBXProject;
			attributes = {
				BuildIndependentTargetsInParallel = 1;
				LastSwiftUpdateCheck = 1530;
				LastUpgradeCheck = 1530;
				TargetAttributes = {
					E04342FB2BB9A7A4000D7D44 = {
						CreatedOnToolsVersion = 15.3;
					};
					E04343112BB9A7A5000D7D44 = {
						CreatedOnToolsVersion = 15.3;
						TestTargetID = E04342FB2BB9A7A4000D7D44;
					};
					E043431B2BB9A7A5000D7D44 = {
						CreatedOnToolsVersion = 15.3;
						TestTargetID = E04342FB2BB9A7A4000D7D44;
					};
				};
			};
			buildConfigurationList = E04342F72BB9A7A4000D7D44 /* Build configuration list for PBXProject "testGit" */;
			compatibilityVersion = "Xcode 14.0";
			developmentRegion = en;
			hasScannedForEncodings = 0;
			knownRegions = (
				en,
				Base,
			);
			mainGroup = E04342F32BB9A7A4000D7D44;
			productRefGroup = E04342FD2BB9A7A4000D7D44 /* Products */;
			projectDirPath = "";
			projectRoot = "";
			targets = (
				E04342FB2BB9A7A4000D7D44 /* testGit */,
				E04343112BB9A7A5000D7D44 /* testGitTests */,
				E043431B2BB9A7A5000D7D44 /* testGitUITests */,
			);
		};
/* End PBXProject section */

/* Begin PBXResourcesBuildPhase section */
		E04342FA2BB9A7A4000D7D44 /* Resources */ = {
			isa = PBXResourcesBuildPhase;
			buildActionMask = 2147483647;
			files = (
				E04343092BB9A7A5000D7D44 /* Assets.xcassets in Resources */,
				E043430C2BB9A7A5000D7D44 /* Base in Resources */,
				E04343072BB9A7A4000D7D44 /* Base in Resources */,
			);
			runOnlyForDeploymentPostprocessing = 0;
		};
		E04343102BB9A7A5000D7D44 /* Resources */ = {
			isa = PBXResourcesBuildPhase;
			buildActionMask = 2147483647;
			files = (
			);
			runOnlyForDeploymentPostprocessing = 0;
		};
		E043431A2BB9A7A5000D7D44 /* Resources */ = {
			isa = PBXResourcesBuildPhase;
			buildActionMask = 2147483647;
			files = (
			);
			runOnlyForDeploymentPostprocessing = 0;
		};
/* End PBXResourcesBuildPhase section */

/* Begin PBXSourcesBuildPhase section */
		E04342F82BB9A7A4000D7D44 /* Sources */ = {
			isa = PBXSourcesBuildPhase;
			buildActionMask = 2147483647;
			files = (
				E04343042BB9A7A4000D7D44 /* ViewController.swift in Sources */,
				E04343002BB9A7A4000D7D44 /* AppDelegate.swift in Sources */,
				E04343022BB9A7A4000D7D44 /* SceneDelegate.swift in Sources */,
			);
			runOnlyForDeploymentPostprocessing = 0;
		};
		E043430E2BB9A7A5000D7D44 /* Sources */ = {
			isa = PBXSourcesBuildPhase;
			buildActionMask = 2147483647;
			files = (
				E04343172BB9A7A5000D7D44 /* testGitTests.swift in Sources */,
			);
			runOnlyForDeploymentPostprocessing = 0;
		};
		E04343182BB9A7A5000D7D44 /* Sources */ = {
			isa = PBXSourcesBuildPhase;
			buildActionMask = 2147483647;
			files = (
				E04343212BB9A7A5000D7D44 /* testGitUITests.swift in Sources */,
				E04343232BB9A7A5000D7D44 /* testGitUITestsLaunchTests.swift in Sources */,
			);
			runOnlyForDeploymentPostprocessing = 0;
		};
/* End PBXSourcesBuildPhase section */

/* Begin PBXTargetDependency section */
		E04343142BB9A7A5000D7D44 /* PBXTargetDependency */ = {
			isa = PBXTargetDependency;
			target = E04342FB2BB9A7A4000D7D44 /* testGit */;
			targetProxy = E04343132BB9A7A5000D7D44 /* PBXContainerItemProxy */;
		};
		E043431E2BB9A7A5000D7D44 /* PBXTargetDependency */ = {
			isa = PBXTargetDependency;
			target = E04342FB2BB9A7A4000D7D44 /* testGit */;
			targetProxy = E043431D2BB9A7A5000D7D44 /* PBXContainerItemProxy */;
		};
/* End PBXTargetDependency section */

/* Begin PBXVariantGroup section */
		E04343052BB9A7A4000D7D44 /* Main.storyboard */ = {
			isa = PBXVariantGroup;
			children = (
				E04343062BB9A7A4000D7D44 /* Base */,
			);
			name = Main.storyboard;
			sourceTree = "<group>";
		};
		E043430A2BB9A7A5000D7D44 /* LaunchScreen.storyboard */ = {
			isa = PBXVariantGroup;
			children = (
				E043430B2BB9A7A5000D7D44 /* Base */,
			);
			name = LaunchScreen.storyboard;
			sourceTree = "<group>";
		};
/* End PBXVariantGroup section */

/* Begin XCBuildConfiguration section */
		E04343242BB9A7A5000D7D44 /* Debug */ = {
			isa = XCBuildConfiguration;
			buildSettings = {
				ALWAYS_SEARCH_USER_PATHS = NO;
				ASSETCATALOG_COMPILER_GENERATE_SWIFT_ASSET_SYMBOL_EXTENSIONS = YES;
				CLANG_ANALYZER_NONNULL = YES;
				CLANG_ANALYZER_NUMBER_OBJECT_CONVERSION = YES_AGGRESSIVE;
				CLANG_CXX_LANGUAGE_STANDARD = "gnu++20";
				CLANG_ENABLE_MODULES = YES;
				CLANG_ENABLE_OBJC_ARC = YES;
				CLANG_ENABLE_OBJC_WEAK = YES;
				CLANG_WARN_BLOCK_CAPTURE_AUTORELEASING = YES;
				CLANG_WARN_BOOL_CONVERSION = YES;
				CLANG_WARN_COMMA = YES;
				CLANG_WARN_CONSTANT_CONVERSION = YES;
				CLANG_WARN_DEPRECATED_OBJC_IMPLEMENTATIONS = YES;
				CLANG_WARN_DIRECT_OBJC_ISA_USAGE = YES_ERROR;
				CLANG_WARN_DOCUMENTATION_COMMENTS = YES;
				CLANG_WARN_EMPTY_BODY = YES;
				CLANG_WARN_ENUM_CONVERSION = YES;
				CLANG_WARN_INFINITE_RECURSION = YES;
				CLANG_WARN_INT_CONVERSION = YES;
				CLANG_WARN_NON_LITERAL_NULL_CONVERSION = YES;
				CLANG_WARN_OBJC_IMPLICIT_RETAIN_SELF = YES;
				CLANG_WARN_OBJC_LITERAL_CONVERSION = YES;
				CLANG_WARN_OBJC_ROOT_CLASS = YES_ERROR;
				CLANG_WARN_QUOTED_INCLUDE_IN_FRAMEWORK_HEADER = YES;
				CLANG_WARN_RANGE_LOOP_ANALYSIS = YES;
				CLANG_WARN_STRICT_PROTOTYPES = YES;
				CLANG_WARN_SUSPICIOUS_MOVE = YES;
				CLANG_WARN_UNGUARDED_AVAILABILITY = YES_AGGRESSIVE;
				CLANG_WARN_UNREACHABLE_CODE = YES;
				CLANG_WARN__DUPLICATE_METHOD_MATCH = YES;
				COPY_PHASE_STRIP = NO;
				DEBUG_INFORMATION_FORMAT = dwarf;
				ENABLE_STRICT_OBJC_MSGSEND = YES;
				ENABLE_TESTABILITY = YES;
				ENABLE_USER_SCRIPT_SANDBOXING = YES;
				GCC_C_LANGUAGE_STANDARD = gnu17;
				GCC_DYNAMIC_NO_PIC = NO;
				GCC_NO_COMMON_BLOCKS = YES;
				GCC_OPTIMIZATION_LEVEL = 0;
				GCC_PREPROCESSOR_DEFINITIONS = (
					"DEBUG=1",
					"$(inherited)",
				);
				GCC_WARN_64_TO_32_BIT_CONVERSION = YES;
				GCC_WARN_ABOUT_RETURN_TYPE = YES_ERROR;
				GCC_WARN_UNDECLARED_SELECTOR = YES;
				GCC_WARN_UNINITIALIZED_AUTOS = YES_AGGRESSIVE;
				GCC_WARN_UNUSED_FUNCTION = YES;
				GCC_WARN_UNUSED_VARIABLE = YES;
				IPHONEOS_DEPLOYMENT_TARGET = 17.4;
				LOCALIZATION_PREFERS_STRING_CATALOGS = YES;
				MTL_ENABLE_DEBUG_INFO = INCLUDE_SOURCE;
				MTL_FAST_MATH = YES;
				ONLY_ACTIVE_ARCH = YES;
				SDKROOT = iphoneos;
				SWIFT_ACTIVE_COMPILATION_CONDITIONS = "DEBUG $(inherited)";
				SWIFT_OPTIMIZATION_LEVEL = "-Onone";
			};
			name = Debug;
		};
		E04343252BB9A7A5000D7D44 /* Release */ = {
			isa = XCBuildConfiguration;
			buildSettings = {
				ALWAYS_SEARCH_USER_PATHS = NO;
				ASSETCATALOG_COMPILER_GENERATE_SWIFT_ASSET_SYMBOL_EXTENSIONS = YES;
				CLANG_ANALYZER_NONNULL = YES;
				CLANG_ANALYZER_NUMBER_OBJECT_CONVERSION = YES_AGGRESSIVE;
				CLANG_CXX_LANGUAGE_STANDARD = "gnu++20";
				CLANG_ENABLE_MODULES = YES;
				CLANG_ENABLE_OBJC_ARC = YES;
				CLANG_ENABLE_OBJC_WEAK = YES;
				CLANG_WARN_BLOCK_CAPTURE_AUTORELEASING = YES;
				CLANG_WARN_BOOL_CONVERSION = YES;
				CLANG_WARN_COMMA = YES;
				CLANG_WARN_CONSTANT_CONVERSION = YES;
				CLANG_WARN_DEPRECATED_OBJC_IMPLEMENTATIONS = YES;
				CLANG_WARN_DIRECT_OBJC_ISA_USAGE = YES_ERROR;
				CLANG_WARN_DOCUMENTATION_COMMENTS = YES;
				CLANG_WARN_EMPTY_BODY = YES;
				CLANG_WARN_ENUM_CONVERSION = YES;
				CLANG_WARN_INFINITE_RECURSION = YES;
				CLANG_WARN_INT_CONVERSION = YES;
				CLANG_WARN_NON_LITERAL_NULL_CONVERSION = YES;
				CLANG_WARN_OBJC_IMPLICIT_RETAIN_SELF = YES;
				CLANG_WARN_OBJC_LITERAL_CONVERSION = YES;
				CLANG_WARN_OBJC_ROOT_CLASS = YES_ERROR;
				CLANG_WARN_QUOTED_INCLUDE_IN_FRAMEWORK_HEADER = YES;
				CLANG_WARN_RANGE_LOOP_ANALYSIS = YES;
				CLANG_WARN_STRICT_PROTOTYPES = YES;
				CLANG_WARN_SUSPICIOUS_MOVE = YES;
				CLANG_WARN_UNGUARDED_AVAILABILITY = YES_AGGRESSIVE;
				CLANG_WARN_UNREACHABLE_CODE = YES;
				CLANG_WARN__DUPLICATE_METHOD_MATCH = YES;
				COPY_PHASE_STRIP = NO;
				DEBUG_INFORMATION_FORMAT = "dwarf-with-dsym";
				ENABLE_NS_ASSERTIONS = NO;
				ENABLE_STRICT_OBJC_MSGSEND = YES;
				ENABLE_USER_SCRIPT_SANDBOXING = YES;
				GCC_C_LANGUAGE_STANDARD = gnu17;
				GCC_NO_COMMON_BLOCKS = YES;
				GCC_WARN_64_TO_32_BIT_CONVERSION = YES;
				GCC_WARN_ABOUT_RETURN_TYPE = YES_ERROR;
				GCC_WARN_UNDECLARED_SELECTOR = YES;
				GCC_WARN_UNINITIALIZED_AUTOS = YES_AGGRESSIVE;
				GCC_WARN_UNUSED_FUNCTION = YES;
				GCC_WARN_UNUSED_VARIABLE = YES;
				IPHONEOS_DEPLOYMENT_TARGET = 17.4;
				LOCALIZATION_PREFERS_STRING_CATALOGS = YES;
				MTL_ENABLE_DEBUG_INFO = NO;
				MTL_FAST_MATH = YES;
				SDKROOT = iphoneos;
				SWIFT_COMPILATION_MODE = wholemodule;
				VALIDATE_PRODUCT = YES;
			};
			name = Release;
		};
		E04343272BB9A7A5000D7D44 /* Debug */ = {
			isa = XCBuildConfiguration;
			buildSettings = {
				ASSETCATALOG_COMPILER_APPICON_NAME = AppIcon;
				ASSETCATALOG_COMPILER_GLOBAL_ACCENT_COLOR_NAME = AccentColor;
				CODE_SIGN_STYLE = Automatic;
				CURRENT_PROJECT_VERSION = 1;
				GENERATE_INFOPLIST_FILE = YES;
				INFOPLIST_FILE = testGit/Info.plist;
				INFOPLIST_KEY_UIApplicationSupportsIndirectInputEvents = YES;
				INFOPLIST_KEY_UILaunchStoryboardName = LaunchScreen;
				INFOPLIST_KEY_UIMainStoryboardFile = Main;
				INFOPLIST_KEY_UISupportedInterfaceOrientations_iPad = "UIInterfaceOrientationPortrait UIInterfaceOrientationPortraitUpsideDown UIInterfaceOrientationLandscapeLeft UIInterfaceOrientationLandscapeRight";
				INFOPLIST_KEY_UISupportedInterfaceOrientations_iPhone = "UIInterfaceOrientationPortrait UIInterfaceOrientationLandscapeLeft UIInterfaceOrientationLandscapeRight";
				LD_RUNPATH_SEARCH_PATHS = (
					"$(inherited)",
					"@executable_path/Frameworks",
				);
				MARKETING_VERSION = 1.0;
				PRODUCT_BUNDLE_IDENTIFIER = com.vladislavikys.testGit;
				PRODUCT_NAME = "$(TARGET_NAME)";
				SWIFT_EMIT_LOC_STRINGS = YES;
				SWIFT_VERSION = 5.0;
				TARGETED_DEVICE_FAMILY = "1,2";
			};
			name = Debug;
		};
		E04343282BB9A7A5000D7D44 /* Release */ = {
			isa = XCBuildConfiguration;
			buildSettings = {
				ASSETCATALOG_COMPILER_APPICON_NAME = AppIcon;
				ASSETCATALOG_COMPILER_GLOBAL_ACCENT_COLOR_NAME = AccentColor;
				CODE_SIGN_STYLE = Automatic;
				CURRENT_PROJECT_VERSION = 1;
				GENERATE_INFOPLIST_FILE = YES;
				INFOPLIST_FILE = testGit/Info.plist;
				INFOPLIST_KEY_UIApplicationSupportsIndirectInputEvents = YES;
				INFOPLIST_KEY_UILaunchStoryboardName = LaunchScreen;
				INFOPLIST_KEY_UIMainStoryboardFile = Main;
				INFOPLIST_KEY_UISupportedInterfaceOrientations_iPad = "UIInterfaceOrientationPortrait UIInterfaceOrientationPortraitUpsideDown UIInterfaceOrientationLandscapeLeft UIInterfaceOrientationLandscapeRight";
				INFOPLIST_KEY_UISupportedInterfaceOrientations_iPhone = "UIInterfaceOrientationPortrait UIInterfaceOrientationLandscapeLeft UIInterfaceOrientationLandscapeRight";
				LD_RUNPATH_SEARCH_PATHS = (
					"$(inherited)",
					"@executable_path/Frameworks",
				);
				MARKETING_VERSION = 1.0;
				PRODUCT_BUNDLE_IDENTIFIER = com.vladislavikys.testGit;
				PRODUCT_NAME = "$(TARGET_NAME)";
				SWIFT_EMIT_LOC_STRINGS = YES;
				SWIFT_VERSION = 5.0;
				TARGETED_DEVICE_FAMILY = "1,2";
			};
			name = Release;
		};
		E043432A2BB9A7A5000D7D44 /* Debug */ = {
			isa = XCBuildConfiguration;
			buildSettings = {
				ALWAYS_EMBED_SWIFT_STANDARD_LIBRARIES = YES;
				BUNDLE_LOADER = "$(TEST_HOST)";
				CODE_SIGN_STYLE = Automatic;
				CURRENT_PROJECT_VERSION = 1;
				GENERATE_INFOPLIST_FILE = YES;
				IPHONEOS_DEPLOYMENT_TARGET = 17.4;
				MARKETING_VERSION = 1.0;
				PRODUCT_BUNDLE_IDENTIFIER = com.vladislavikys.testGitTests;
				PRODUCT_NAME = "$(TARGET_NAME)";
				SWIFT_EMIT_LOC_STRINGS = NO;
				SWIFT_VERSION = 5.0;
				TARGETED_DEVICE_FAMILY = "1,2";
				TEST_HOST = "$(BUILT_PRODUCTS_DIR)/testGit.app/$(BUNDLE_EXECUTABLE_FOLDER_PATH)/testGit";
			};
			name = Debug;
		};
		E043432B2BB9A7A5000D7D44 /* Release */ = {
			isa = XCBuildConfiguration;
			buildSettings = {
				ALWAYS_EMBED_SWIFT_STANDARD_LIBRARIES = YES;
				BUNDLE_LOADER = "$(TEST_HOST)";
				CODE_SIGN_STYLE = Automatic;
				CURRENT_PROJECT_VERSION = 1;
				GENERATE_INFOPLIST_FILE = YES;
				IPHONEOS_DEPLOYMENT_TARGET = 17.4;
				MARKETING_VERSION = 1.0;
				PRODUCT_BUNDLE_IDENTIFIER = com.vladislavikys.testGitTests;
				PRODUCT_NAME = "$(TARGET_NAME)";
				SWIFT_EMIT_LOC_STRINGS = NO;
				SWIFT_VERSION = 5.0;
				TARGETED_DEVICE_FAMILY = "1,2";
				TEST_HOST = "$(BUILT_PRODUCTS_DIR)/testGit.app/$(BUNDLE_EXECUTABLE_FOLDER_PATH)/testGit";
			};
			name = Release;
		};
		E043432D2BB9A7A5000D7D44 /* Debug */ = {
			isa = XCBuildConfiguration;
			buildSettings = {
				ALWAYS_EMBED_SWIFT_STANDARD_LIBRARIES = YES;
				CODE_SIGN_STYLE = Automatic;
				CURRENT_PROJECT_VERSION = 1;
				GENERATE_INFOPLIST_FILE = YES;
				MARKETING_VERSION = 1.0;
				PRODUCT_BUNDLE_IDENTIFIER = com.vladislavikys.testGitUITests;
				PRODUCT_NAME = "$(TARGET_NAME)";
				SWIFT_EMIT_LOC_STRINGS = NO;
				SWIFT_VERSION = 5.0;
				TARGETED_DEVICE_FAMILY = "1,2";
				TEST_TARGET_NAME = testGit;
			};
			name = Debug;
		};
		E043432E2BB9A7A5000D7D44 /* Release */ = {
			isa = XCBuildConfiguration;
			buildSettings = {
				ALWAYS_EMBED_SWIFT_STANDARD_LIBRARIES = YES;
				CODE_SIGN_STYLE = Automatic;
				CURRENT_PROJECT_VERSION = 1;
				GENERATE_INFOPLIST_FILE = YES;
				MARKETING_VERSION = 1.0;
				PRODUCT_BUNDLE_IDENTIFIER = com.vladislavikys.testGitUITests;
				PRODUCT_NAME = "$(TARGET_NAME)";
				SWIFT_EMIT_LOC_STRINGS = NO;
				SWIFT_VERSION = 5.0;
				TARGETED_DEVICE_FAMILY = "1,2";
				TEST_TARGET_NAME = testGit;
			};
			name = Release;
		};
/* End XCBuildConfiguration section */

/* Begin XCConfigurationList section */
		E04342F72BB9A7A4000D7D44 /* Build configuration list for PBXProject "testGit" */ = {
			isa = XCConfigurationList;
			buildConfigurations = (
				E04343242BB9A7A5000D7D44 /* Debug */,
				E04343252BB9A7A5000D7D44 /* Release */,
			);
			defaultConfigurationIsVisible = 0;
			defaultConfigurationName = Release;
		};
		E04343262BB9A7A5000D7D44 /* Build configuration list for PBXNativeTarget "testGit" */ = {
			isa = XCConfigurationList;
			buildConfigurations = (
				E04343272BB9A7A5000D7D44 /* Debug */,
				E04343282BB9A7A5000D7D44 /* Release */,
			);
			defaultConfigurationIsVisible = 0;
			defaultConfigurationName = Release;
		};
		E04343292BB9A7A5000D7D44 /* Build configuration list for PBXNativeTarget "testGitTests" */ = {
			isa = XCConfigurationList;
			buildConfigurations = (
				E043432A2BB9A7A5000D7D44 /* Debug */,
				E043432B2BB9A7A5000D7D44 /* Release */,
			);
			defaultConfigurationIsVisible = 0;
			defaultConfigurationName = Release;
		};
		E043432C2BB9A7A5000D7D44 /* Build configuration list for PBXNativeTarget "testGitUITests" */ = {
			isa = XCConfigurationList;
			buildConfigurations = (
				E043432D2BB9A7A5000D7D44 /* Debug */,
				E043432E2BB9A7A5000D7D44 /* Release */,
			);
			defaultConfigurationIsVisible = 0;
			defaultConfigurationName = Release;
		};
/* End XCConfigurationList section */
	};
	rootObject = E04342F42BB9A7A4000D7D44 /* Project object */;
}
